
Microsoft Visual Studio Solution File, Format Version 12.00
# Visual Studio Version 17
VisualStudioVersion = 17.4.33213.308
MinimumVisualStudioVersion = 10.0.40219.1
Project("{FAE04EC0-301F-11D3-BF4B-00C04F79EFBC}") = "09.06.2023", "09.06.2023\09.06.2023.csproj", "{5428EDA1-3835-4DD6-9C4A-300035724B86}"
EndProject
Global
	GlobalSection(SolutionConfigurationPlatforms) = preSolution
		Debug|Any CPU = Debug|Any CPU
		Release|Any CPU = Release|Any CPU
	EndGlobalSection
	GlobalSection(ProjectConfigurationPlatforms) = postSolution
		{5428EDA1-3835-4DD6-9C4A-300035724B86}.Debug|Any CPU.ActiveCfg = Debug|Any CPU
		{5428EDA1-3835-4DD6-9C4A-300035724B86}.Debug|Any CPU.Build.0 = Debug|Any CPU
		{5428EDA1-3835-4DD6-9C4A-300035724B86}.Release|Any CPU.ActiveCfg = Release|Any CPU
		{5428EDA1-3835-4DD6-9C4A-300035724B86}.Release|Any CPU.Build.0 = Release|Any CPU
	EndGlobalSection
	GlobalSection(SolutionProperties) = preSolution
		HideSolutionNode = FALSE
	EndGlobalSection
	GlobalSection(ExtensibilityGlobals) = postSolution
		SolutionGuid = {27CEF0D3-D9E9-4E8F-9857-3319FE194DBF}
	EndGlobalSection
EndGlobal
